
Microsoft Visual Studio Solution File, Format Version 12.00
# Visual Studio Version 17
VisualStudioVersion = 17.4.33213.308
MinimumVisualStudioVersion = 10.0.40219.1
Project("{FAE04EC0-301F-11D3-BF4B-00C04F79EFBC}") = "addressbook_tests_autoit", "addressbook_tests_autoit\addressbook_tests_autoit.csproj", "{4DDDC9AE-13F6-4437-9A24-4130B0A8F983}"
EndProject
Global
	GlobalSection(SolutionConfigurationPlatforms) = preSolution
		Debug|Any CPU = Debug|Any CPU
		Release|Any CPU = Release|Any CPU
	EndGlobalSection
	GlobalSection(ProjectConfigurationPlatforms) = postSolution
		{4DDDC9AE-13F6-4437-9A24-4130B0A8F983}.Debug|Any CPU.ActiveCfg = Debug|Any CPU
		{4DDDC9AE-13F6-4437-9A24-4130B0A8F983}.Debug|Any CPU.Build.0 = Debug|Any CPU
		{4DDDC9AE-13F6-4437-9A24-4130B0A8F983}.Release|Any CPU.ActiveCfg = Release|Any CPU
		{4DDDC9AE-13F6-4437-9A24-4130B0A8F983}.Release|Any CPU.Build.0 = Release|Any CPU
	EndGlobalSection
	GlobalSection(SolutionProperties) = preSolution
		HideSolutionNode = FALSE
	EndGlobalSection
	GlobalSection(ExtensibilityGlobals) = postSolution
		SolutionGuid = {14861A2B-7A90-4C9A-B70E-78C3B8347DC9}
	EndGlobalSection
EndGlobal
