
Microsoft Visual Studio Solution File, Format Version 12.00
# Visual Studio Version 17
VisualStudioVersion = 17.4.33213.308
MinimumVisualStudioVersion = 10.0.40219.1
Project("{FAE04EC0-301F-11D3-BF4B-00C04F79EFBC}") = "addressbook_tests_white", "addressbook_tests_white\addressbook_tests_white.csproj", "{5302B21A-0C34-4EE1-83D5-AEF355E30C68}"
EndProject
Global
	GlobalSection(SolutionConfigurationPlatforms) = preSolution
		Debug|Any CPU = Debug|Any CPU
		Release|Any CPU = Release|Any CPU
	EndGlobalSection
	GlobalSection(ProjectConfigurationPlatforms) = postSolution
		{5302B21A-0C34-4EE1-83D5-AEF355E30C68}.Debug|Any CPU.ActiveCfg = Debug|Any CPU
		{5302B21A-0C34-4EE1-83D5-AEF355E30C68}.Debug|Any CPU.Build.0 = Debug|Any CPU
		{5302B21A-0C34-4EE1-83D5-AEF355E30C68}.Release|Any CPU.ActiveCfg = Release|Any CPU
		{5302B21A-0C34-4EE1-83D5-AEF355E30C68}.Release|Any CPU.Build.0 = Release|Any CPU
	EndGlobalSection
	GlobalSection(SolutionProperties) = preSolution
		HideSolutionNode = FALSE
	EndGlobalSection
	GlobalSection(ExtensibilityGlobals) = postSolution
		SolutionGuid = {26A3798A-464B-41EA-87FA-402FE6B30C08}
	EndGlobalSection
EndGlobal
